// !$*UTF8*$!
{
	archiveVersion = 1;
	classes = {
	};
	objectVersion = 46;
	objects = {

/* Begin PBXBuildFile section */
		0114A6121C45256A00A00E88 /* WebViewController.swift in Sources */ = {isa = PBXBuildFile; fileRef = 0114A6111C45256A00A00E88 /* WebViewController.swift */; };
		0114A64B1C45286500A00E88 /* ElusiveTests.swift in Sources */ = {isa = PBXBuildFile; fileRef = 0114A64A1C45286500A00E88 /* ElusiveTests.swift */; };
		015279C01C3DEE33000F4E48 /* NSURL+queryComponents.swift in Sources */ = {isa = PBXBuildFile; fileRef = 015279BF1C3DEE33000F4E48 /* NSURL+queryComponents.swift */; };
		0199182B1C3BF6EF007C908C /* CustomWebView.swift in Sources */ = {isa = PBXBuildFile; fileRef = 0199182A1C3BF6EF007C908C /* CustomWebView.swift */; };
		4D867CB71AD6781200681331 /* AppDelegate.swift in Sources */ = {isa = PBXBuildFile; fileRef = 4D867CB61AD6781200681331 /* AppDelegate.swift */; };
		4D867CBB1AD6781200681331 /* Images.xcassets in Resources */ = {isa = PBXBuildFile; fileRef = 4D867CBA1AD6781200681331 /* Images.xcassets */; };
		4D867CBE1AD6781200681331 /* Main.storyboard in Resources */ = {isa = PBXBuildFile; fileRef = 4D867CBC1AD6781200681331 /* Main.storyboard */; };
		4D867CD41AD6796A00681331 /* ElusivePanelController.swift in Sources */ = {isa = PBXBuildFile; fileRef = 4D867CD31AD6796A00681331 /* ElusivePanelController.swift */; };
		4D8DAEAC1C3A41F300B212EC /* UserSettings.swift in Sources */ = {isa = PBXBuildFile; fileRef = AAA3EA011BE4CEC9001A471F /* UserSettings.swift */; };
		4D8DAEB41C3A427D00B212EC /* Info.plist in Resources */ = {isa = PBXBuildFile; fileRef = 4D8DAEB21C3A427D00B212EC /* Info.plist */; };
		8379494C81FCF13B46A73A20 /* Pods.framework in Frameworks */ = {isa = PBXBuildFile; fileRef = 71B2DAA6A2573D605AABDFD2 /* Pods.framework */; };
		B34C1EC61ADE3CBE0094ADBA /* dsa_pub.pem in Resources */ = {isa = PBXBuildFile; fileRef = B34C1EC51ADE3CBE0094ADBA /* dsa_pub.pem */; };
/* End PBXBuildFile section */

/* Begin PBXContainerItemProxy section */
		4D867CC41AD6781200681331 /* PBXContainerItemProxy */ = {
			isa = PBXContainerItemProxy;
			containerPortal = 4D867CA91AD6781200681331 /* Project object */;
			proxyType = 1;
			remoteGlobalIDString = 4D867CB01AD6781200681331;
			remoteInfo = Elusive;
		};
/* End PBXContainerItemProxy section */

/* Begin PBXFileReference section */
		0114A6111C45256A00A00E88 /* WebViewController.swift */ = {isa = PBXFileReference; fileEncoding = 4; lastKnownFileType = sourcecode.swift; path = WebViewController.swift; sourceTree = "<group>"; };
		0114A64A1C45286500A00E88 /* ElusiveTests.swift */ = {isa = PBXFileReference; fileEncoding = 4; lastKnownFileType = sourcecode.swift; path = ElusiveTests.swift; sourceTree = "<group>"; };
		015279BF1C3DEE33000F4E48 /* NSURL+queryComponents.swift */ = {isa = PBXFileReference; fileEncoding = 4; lastKnownFileType = sourcecode.swift; path = "NSURL+queryComponents.swift"; sourceTree = "<group>"; };
		0199182A1C3BF6EF007C908C /* CustomWebView.swift */ = {isa = PBXFileReference; fileEncoding = 4; lastKnownFileType = sourcecode.swift; path = CustomWebView.swift; sourceTree = "<group>"; };
		106B1CA8A335DA73C3E10598 /* Pods.debug.xcconfig */ = {isa = PBXFileReference; includeInIndex = 1; lastKnownFileType = text.xcconfig; name = Pods.debug.xcconfig; path = "Pods/Target Support Files/Pods/Pods.debug.xcconfig"; sourceTree = "<group>"; };
		4D867CB11AD6781200681331 /* Elusive.app */ = {isa = PBXFileReference; explicitFileType = wrapper.application; includeInIndex = 0; path = Elusive.app; sourceTree = BUILT_PRODUCTS_DIR; };
		4D867CB51AD6781200681331 /* Info.plist */ = {isa = PBXFileReference; lastKnownFileType = text.plist.xml; path = Info.plist; sourceTree = "<group>"; };
		4D867CB61AD6781200681331 /* AppDelegate.swift */ = {isa = PBXFileReference; lastKnownFileType = sourcecode.swift; path = AppDelegate.swift; sourceTree = "<group>"; };
		4D867CBA1AD6781200681331 /* Images.xcassets */ = {isa = PBXFileReference; lastKnownFileType = folder.assetcatalog; path = Images.xcassets; sourceTree = "<group>"; };
		4D867CBD1AD6781200681331 /* Base */ = {isa = PBXFileReference; lastKnownFileType = file.storyboard; name = Base; path = Base.lproj/Main.storyboard; sourceTree = "<group>"; };
		4D867CC31AD6781200681331 /* Elusive.xctest */ = {isa = PBXFileReference; explicitFileType = wrapper.cfbundle; includeInIndex = 0; path = Elusive.xctest; sourceTree = BUILT_PRODUCTS_DIR; };
		4D867CD31AD6796A00681331 /* ElusivePanelController.swift */ = {isa = PBXFileReference; fileEncoding = 4; lastKnownFileType = sourcecode.swift; path = ElusivePanelController.swift; sourceTree = "<group>"; };
		4D8DAEB21C3A427D00B212EC /* Info.plist */ = {isa = PBXFileReference; fileEncoding = 4; lastKnownFileType = text.plist.xml; path = Info.plist; sourceTree = "<group>"; };
		4DEAB8FD1ADBD98600A2FC2B /* Elusive-Bridging-Header.h */ = {isa = PBXFileReference; lastKnownFileType = sourcecode.c.h; path = "Elusive-Bridging-Header.h"; sourceTree = "<group>"; };
		4DEAB8FE1ADBD98600A2FC2B /* WKWebViewPrivate.h */ = {isa = PBXFileReference; fileEncoding = 4; lastKnownFileType = sourcecode.c.h; path = WKWebViewPrivate.h; sourceTree = "<group>"; };
		71B2DAA6A2573D605AABDFD2 /* Pods.framework */ = {isa = PBXFileReference; explicitFileType = wrapper.framework; includeInIndex = 0; path = Pods.framework; sourceTree = BUILT_PRODUCTS_DIR; };
		AAA3EA011BE4CEC9001A471F /* UserSettings.swift */ = {isa = PBXFileReference; fileEncoding = 4; lastKnownFileType = sourcecode.swift; path = UserSettings.swift; sourceTree = "<group>"; };
		B34C1EC51ADE3CBE0094ADBA /* dsa_pub.pem */ = {isa = PBXFileReference; fileEncoding = 4; lastKnownFileType = text; path = dsa_pub.pem; sourceTree = "<group>"; };
		FF019D333C6728C5A49AD6D0 /* Pods.release.xcconfig */ = {isa = PBXFileReference; includeInIndex = 1; lastKnownFileType = text.xcconfig; name = Pods.release.xcconfig; path = "Pods/Target Support Files/Pods/Pods.release.xcconfig"; sourceTree = "<group>"; };
/* End PBXFileReference section */

/* Begin PBXFrameworksBuildPhase section */
		4D867CAE1AD6781200681331 /* Frameworks */ = {
			isa = PBXFrameworksBuildPhase;
			buildActionMask = 2147483647;
			files = (
				8379494C81FCF13B46A73A20 /* Pods.framework in Frameworks */,
			);
			runOnlyForDeploymentPostprocessing = 0;
		};
		4D867CC01AD6781200681331 /* Frameworks */ = {
			isa = PBXFrameworksBuildPhase;
			buildActionMask = 2147483647;
			files = (
			);
			runOnlyForDeploymentPostprocessing = 0;
		};
/* End PBXFrameworksBuildPhase section */

/* Begin PBXGroup section */
		015279BE1C3DEDFA000F4E48 /* Extensions */ = {
			isa = PBXGroup;
			children = (
				015279BF1C3DEE33000F4E48 /* NSURL+queryComponents.swift */,
			);
			name = Extensions;
			sourceTree = "<group>";
		};
		33C323F0AEC40CFB5802C6BA /* Frameworks */ = {
			isa = PBXGroup;
			children = (
				71B2DAA6A2573D605AABDFD2 /* Pods.framework */,
			);
			name = Frameworks;
			sourceTree = "<group>";
		};
		4D867CA81AD6781200681331 = {
			isa = PBXGroup;
			children = (
				4D867CB31AD6781200681331 /* Elusive */,
				4D8DAEB01C3A427D00B212EC /* ElusiveTests */,
				4D867CB21AD6781200681331 /* Products */,
				C95FB15CD2ED33CB2144E210 /* Pods */,
				33C323F0AEC40CFB5802C6BA /* Frameworks */,
			);
			sourceTree = "<group>";
		};
		4D867CB21AD6781200681331 /* Products */ = {
			isa = PBXGroup;
			children = (
				4D867CB11AD6781200681331 /* Elusive.app */,
				4D867CC31AD6781200681331 /* Elusive.xctest */,
			);
			name = Products;
			sourceTree = "<group>";
		};
		4D867CB31AD6781200681331 /* Elusive */ = {
			isa = PBXGroup;
			children = (
				015279BE1C3DEDFA000F4E48 /* Extensions */,
				4D867CB61AD6781200681331 /* AppDelegate.swift */,
				4D867CD31AD6796A00681331 /* ElusivePanelController.swift */,
				0114A6111C45256A00A00E88 /* WebViewController.swift */,
				0199182A1C3BF6EF007C908C /* CustomWebView.swift */,
				AAA3EA011BE4CEC9001A471F /* UserSettings.swift */,
				4DEAB8FE1ADBD98600A2FC2B /* WKWebViewPrivate.h */,
				4DEAB8FD1ADBD98600A2FC2B /* Elusive-Bridging-Header.h */,
				4D867CBC1AD6781200681331 /* Main.storyboard */,
				4D867CBA1AD6781200681331 /* Images.xcassets */,
				4D867CB41AD6781200681331 /* Supporting Files */,
				B34C1EC71ADE3CCA0094ADBA /* Resources */,
			);
			path = Elusive;
			sourceTree = "<group>";
		};
		4D867CB41AD6781200681331 /* Supporting Files */ = {
			isa = PBXGroup;
			children = (
				4D867CB51AD6781200681331 /* Info.plist */,
			);
			name = "Supporting Files";
			sourceTree = "<group>";
		};
		4D8DAEB01C3A427D00B212EC /* ElusiveTests */ = {
			isa = PBXGroup;
			children = (
				0114A64A1C45286500A00E88 /* ElusiveTests.swift */,
				4D8DAEB21C3A427D00B212EC /* Info.plist */,
			);
			path = ElusiveTests;
			sourceTree = "<group>";
		};
		B34C1EC71ADE3CCA0094ADBA /* Resources */ = {
			isa = PBXGroup;
			children = (
				B34C1EC51ADE3CBE0094ADBA /* dsa_pub.pem */,
			);
			name = Resources;
			sourceTree = "<group>";
		};
		C95FB15CD2ED33CB2144E210 /* Pods */ = {
			isa = PBXGroup;
			children = (
				106B1CA8A335DA73C3E10598 /* Pods.debug.xcconfig */,
				FF019D333C6728C5A49AD6D0 /* Pods.release.xcconfig */,
			);
			name = Pods;
			sourceTree = "<group>";
		};
/* End PBXGroup section */

/* Begin PBXNativeTarget section */
		4D867CB01AD6781200681331 /* Elusive */ = {
			isa = PBXNativeTarget;
			buildConfigurationList = 4D867CCD1AD6781200681331 /* Build configuration list for PBXNativeTarget "Elusive" */;
			buildPhases = (
				5ACE23C8447F7A376F152EB7 /* Check Pods Manifest.lock */,
				4D867CAD1AD6781200681331 /* Sources */,
				4D867CAE1AD6781200681331 /* Frameworks */,
				4D867CAF1AD6781200681331 /* Resources */,
				8866759DF9820AE3DC586224 /* Embed Pods Frameworks */,
				C8C9217D7EE05DDE4E8FACFF /* Copy Pods Resources */,
			);
			buildRules = (
			);
			dependencies = (
			);
			name = Elusive;
			productName = Elusive;
			productReference = 4D867CB11AD6781200681331 /* Elusive.app */;
			productType = "com.apple.product-type.application";
		};
		4D867CC21AD6781200681331 /* ElusiveTests */ = {
			isa = PBXNativeTarget;
			buildConfigurationList = 4D867CD01AD6781200681331 /* Build configuration list for PBXNativeTarget "ElusiveTests" */;
			buildPhases = (
				4D867CBF1AD6781200681331 /* Sources */,
				4D867CC01AD6781200681331 /* Frameworks */,
				4D867CC11AD6781200681331 /* Resources */,
			);
			buildRules = (
			);
			dependencies = (
				4D867CC51AD6781200681331 /* PBXTargetDependency */,
			);
			name = ElusiveTests;
			productName = ElusiveTests;
			productReference = 4D867CC31AD6781200681331 /* Elusive.xctest */;
			productType = "com.apple.product-type.bundle.unit-test";
		};
/* End PBXNativeTarget section */

/* Begin PBXProject section */
		4D867CA91AD6781200681331 /* Project object */ = {
			isa = PBXProject;
			attributes = {
				LastSwiftMigration = 0700;
				LastSwiftUpdateCheck = 0720;
				LastUpgradeCheck = 0630;
				ORGANIZATIONNAME = c4605;
				TargetAttributes = {
					4D867CB01AD6781200681331 = {
						CreatedOnToolsVersion = 6.3;
						DevelopmentTeam = 9LW4S2K5ZC;
						SystemCapabilities = {
							com.apple.Sandbox = {
								enabled = 0;
							};
						};
					};
					4D867CC21AD6781200681331 = {
						CreatedOnToolsVersion = 6.3;
						TestTargetID = 4D867CB01AD6781200681331;
					};
				};
			};
			buildConfigurationList = 4D867CAC1AD6781200681331 /* Build configuration list for PBXProject "Elusive" */;
			compatibilityVersion = "Xcode 3.2";
			developmentRegion = English;
			hasScannedForEncodings = 0;
			knownRegions = (
				en,
				Base,
			);
			mainGroup = 4D867CA81AD6781200681331;
			productRefGroup = 4D867CB21AD6781200681331 /* Products */;
			projectDirPath = "";
			projectRoot = "";
			targets = (
				4D867CB01AD6781200681331 /* Elusive */,
				4D867CC21AD6781200681331 /* ElusiveTests */,
			);
		};
/* End PBXProject section */

/* Begin PBXResourcesBuildPhase section */
		4D867CAF1AD6781200681331 /* Resources */ = {
			isa = PBXResourcesBuildPhase;
			buildActionMask = 2147483647;
			files = (
				4D867CBB1AD6781200681331 /* Images.xcassets in Resources */,
				B34C1EC61ADE3CBE0094ADBA /* dsa_pub.pem in Resources */,
				4D867CBE1AD6781200681331 /* Main.storyboard in Resources */,
			);
			runOnlyForDeploymentPostprocessing = 0;
		};
		4D867CC11AD6781200681331 /* Resources */ = {
			isa = PBXResourcesBuildPhase;
			buildActionMask = 2147483647;
			files = (
				4D8DAEB41C3A427D00B212EC /* Info.plist in Resources */,
			);
			runOnlyForDeploymentPostprocessing = 0;
		};
/* End PBXResourcesBuildPhase section */

/* Begin PBXShellScriptBuildPhase section */
		5ACE23C8447F7A376F152EB7 /* Check Pods Manifest.lock */ = {
			isa = PBXShellScriptBuildPhase;
			buildActionMask = 2147483647;
			files = (
			);
			inputPaths = (
			);
			name = "Check Pods Manifest.lock";
			outputPaths = (
			);
			runOnlyForDeploymentPostprocessing = 0;
			shellPath = /bin/sh;
			shellScript = "diff \"${PODS_ROOT}/../Podfile.lock\" \"${PODS_ROOT}/Manifest.lock\" > /dev/null\nif [[ $? != 0 ]] ; then\n    cat << EOM\nerror: The sandbox is not in sync with the Podfile.lock. Run 'pod install' or update your CocoaPods installation.\nEOM\n    exit 1\nfi\n";
			showEnvVarsInLog = 0;
		};
		8866759DF9820AE3DC586224 /* Embed Pods Frameworks */ = {
			isa = PBXShellScriptBuildPhase;
			buildActionMask = 2147483647;
			files = (
			);
			inputPaths = (
			);
			name = "Embed Pods Frameworks";
			outputPaths = (
			);
			runOnlyForDeploymentPostprocessing = 0;
			shellPath = /bin/sh;
			shellScript = "\"${SRCROOT}/Pods/Target Support Files/Pods/Pods-frameworks.sh\"\n";
			showEnvVarsInLog = 0;
		};
		C8C9217D7EE05DDE4E8FACFF /* Copy Pods Resources */ = {
			isa = PBXShellScriptBuildPhase;
			buildActionMask = 2147483647;
			files = (
			);
			inputPaths = (
			);
			name = "Copy Pods Resources";
			outputPaths = (
			);
			runOnlyForDeploymentPostprocessing = 0;
			shellPath = /bin/sh;
			shellScript = "\"${SRCROOT}/Pods/Target Support Files/Pods/Pods-resources.sh\"\n";
			showEnvVarsInLog = 0;
		};
/* End PBXShellScriptBuildPhase section */

/* Begin PBXSourcesBuildPhase section */
		4D867CAD1AD6781200681331 /* Sources */ = {
			isa = PBXSourcesBuildPhase;
			buildActionMask = 2147483647;
			files = (
				4D867CD41AD6796A00681331 /* ElusivePanelController.swift in Sources */,
				0114A6121C45256A00A00E88 /* WebViewController.swift in Sources */,
				0199182B1C3BF6EF007C908C /* CustomWebView.swift in Sources */,
				4D8DAEAC1C3A41F300B212EC /* UserSettings.swift in Sources */,
				4D867CB71AD6781200681331 /* AppDelegate.swift in Sources */,
				015279C01C3DEE33000F4E48 /* NSURL+queryComponents.swift in Sources */,
			);
			runOnlyForDeploymentPostprocessing = 0;
		};
		4D867CBF1AD6781200681331 /* Sources */ = {
			isa = PBXSourcesBuildPhase;
			buildActionMask = 2147483647;
			files = (
				0114A64B1C45286500A00E88 /* ElusiveTests.swift in Sources */,
			);
			runOnlyForDeploymentPostprocessing = 0;
		};
/* End PBXSourcesBuildPhase section */

/* Begin PBXTargetDependency section */
		4D867CC51AD6781200681331 /* PBXTargetDependency */ = {
			isa = PBXTargetDependency;
			target = 4D867CB01AD6781200681331 /* Elusive */;
			targetProxy = 4D867CC41AD6781200681331 /* PBXContainerItemProxy */;
		};
/* End PBXTargetDependency section */

/* Begin PBXVariantGroup section */
		4D867CBC1AD6781200681331 /* Main.storyboard */ = {
			isa = PBXVariantGroup;
			children = (
				4D867CBD1AD6781200681331 /* Base */,
			);
			name = Main.storyboard;
			sourceTree = "<group>";
		};
/* End PBXVariantGroup section */

/* Begin XCBuildConfiguration section */
		4D867CCB1AD6781200681331 /* Debug */ = {
			isa = XCBuildConfiguration;
			buildSettings = {
				ALWAYS_SEARCH_USER_PATHS = NO;
				CLANG_CXX_LANGUAGE_STANDARD = "gnu++0x";
				CLANG_CXX_LIBRARY = "libc++";
				CLANG_ENABLE_MODULES = YES;
				CLANG_ENABLE_OBJC_ARC = YES;
				CLANG_WARN_BOOL_CONVERSION = YES;
				CLANG_WARN_CONSTANT_CONVERSION = YES;
				CLANG_WARN_DIRECT_OBJC_ISA_USAGE = YES_ERROR;
				CLANG_WARN_EMPTY_BODY = YES;
				CLANG_WARN_ENUM_CONVERSION = YES;
				CLANG_WARN_INT_CONVERSION = YES;
				CLANG_WARN_OBJC_ROOT_CLASS = YES_ERROR;
				CLANG_WARN_UNREACHABLE_CODE = YES;
				CLANG_WARN__DUPLICATE_METHOD_MATCH = YES;
				CODE_SIGN_IDENTITY = "3rd Party Mac Developer Application";
				COPY_PHASE_STRIP = NO;
				DEBUG_INFORMATION_FORMAT = dwarf;
				ENABLE_STRICT_OBJC_MSGSEND = YES;
				GCC_C_LANGUAGE_STANDARD = gnu99;
				GCC_DYNAMIC_NO_PIC = NO;
				GCC_NO_COMMON_BLOCKS = YES;
				GCC_OPTIMIZATION_LEVEL = 0;
				GCC_PREPROCESSOR_DEFINITIONS = (
					"DEBUG=1",
					"$(inherited)",
				);
				GCC_SYMBOLS_PRIVATE_EXTERN = NO;
				GCC_WARN_64_TO_32_BIT_CONVERSION = YES;
				GCC_WARN_ABOUT_RETURN_TYPE = YES_ERROR;
				GCC_WARN_UNDECLARED_SELECTOR = YES;
				GCC_WARN_UNINITIALIZED_AUTOS = YES_AGGRESSIVE;
				GCC_WARN_UNUSED_FUNCTION = YES;
				GCC_WARN_UNUSED_VARIABLE = YES;
				MACOSX_DEPLOYMENT_TARGET = 10.10;
				MTL_ENABLE_DEBUG_INFO = YES;
				ONLY_ACTIVE_ARCH = YES;
				SDKROOT = macosx;
				SWIFT_OPTIMIZATION_LEVEL = "-Onone";
			};
			name = Debug;
		};
		4D867CCC1AD6781200681331 /* Release */ = {
			isa = XCBuildConfiguration;
			buildSettings = {
				ALWAYS_SEARCH_USER_PATHS = NO;
				CLANG_CXX_LANGUAGE_STANDARD = "gnu++0x";
				CLANG_CXX_LIBRARY = "libc++";
				CLANG_ENABLE_MODULES = YES;
				CLANG_ENABLE_OBJC_ARC = YES;
				CLANG_WARN_BOOL_CONVERSION = YES;
				CLANG_WARN_CONSTANT_CONVERSION = YES;
				CLANG_WARN_DIRECT_OBJC_ISA_USAGE = YES_ERROR;
				CLANG_WARN_EMPTY_BODY = YES;
				CLANG_WARN_ENUM_CONVERSION = YES;
				CLANG_WARN_INT_CONVERSION = YES;
				CLANG_WARN_OBJC_ROOT_CLASS = YES_ERROR;
				CLANG_WARN_UNREACHABLE_CODE = YES;
				CLANG_WARN__DUPLICATE_METHOD_MATCH = YES;
				CODE_SIGN_IDENTITY = "3rd Party Mac Developer Application";
				COPY_PHASE_STRIP = NO;
				DEBUG_INFORMATION_FORMAT = "dwarf-with-dsym";
				ENABLE_NS_ASSERTIONS = NO;
				ENABLE_STRICT_OBJC_MSGSEND = YES;
				GCC_C_LANGUAGE_STANDARD = gnu99;
				GCC_NO_COMMON_BLOCKS = YES;
				GCC_WARN_64_TO_32_BIT_CONVERSION = YES;
				GCC_WARN_ABOUT_RETURN_TYPE = YES_ERROR;
				GCC_WARN_UNDECLARED_SELECTOR = YES;
				GCC_WARN_UNINITIALIZED_AUTOS = YES_AGGRESSIVE;
				GCC_WARN_UNUSED_FUNCTION = YES;
				GCC_WARN_UNUSED_VARIABLE = YES;
				MACOSX_DEPLOYMENT_TARGET = 10.10;
				MTL_ENABLE_DEBUG_INFO = NO;
				SDKROOT = macosx;
			};
			name = Release;
		};
		4D867CCE1AD6781200681331 /* Debug */ = {
			isa = XCBuildConfiguration;
			baseConfigurationReference = 106B1CA8A335DA73C3E10598 /* Pods.debug.xcconfig */;
			buildSettings = {
				ASSETCATALOG_COMPILER_APPICON_NAME = AppIcon;
				CLANG_ENABLE_MODULES = YES;
				"CODE_SIGN_IDENTITY[sdk=macosx*]" = "";
				COMBINE_HIDPI_IMAGES = YES;
				FRAMEWORK_SEARCH_PATHS = (
					"$(inherited)",
					"$(PROJECT_DIR)/Elusive",
				);
				INFOPLIST_FILE = Elusive/Info.plist;
				LD_RUNPATH_SEARCH_PATHS = "$(inherited) @executable_path/../Frameworks";
				OTHER_SWIFT_FLAGS = "$(inherited) \"-DDEBUG\"";
				PRODUCT_BUNDLE_IDENTIFIER = com.c4605.Elusive;
				PRODUCT_NAME = Elusive;
				PROVISIONING_PROFILE = "";
				SWIFT_OBJC_BRIDGING_HEADER = "Elusive/Elusive-Bridging-Header.h";
				SWIFT_OPTIMIZATION_LEVEL = "-Onone";
			};
			name = Debug;
		};
		4D867CCF1AD6781200681331 /* Release */ = {
			isa = XCBuildConfiguration;
			baseConfigurationReference = FF019D333C6728C5A49AD6D0 /* Pods.release.xcconfig */;
			buildSettings = {
				ASSETCATALOG_COMPILER_APPICON_NAME = AppIcon;
				CLANG_ENABLE_MODULES = YES;
				"CODE_SIGN_IDENTITY[sdk=macosx*]" = "";
				COMBINE_HIDPI_IMAGES = YES;
				FRAMEWORK_SEARCH_PATHS = (
					"$(inherited)",
					"$(PROJECT_DIR)/Elusive",
				);
				INFOPLIST_FILE = Elusive/Info.plist;
				LD_RUNPATH_SEARCH_PATHS = "$(inherited) @executable_path/../Frameworks";
				PRODUCT_BUNDLE_IDENTIFIER = com.c4605.Elusive;
				PRODUCT_NAME = Elusive;
				PROVISIONING_PROFILE = "";
				SWIFT_OBJC_BRIDGING_HEADER = "Elusive/Elusive-Bridging-Header.h";
			};
			name = Release;
		};
		4D867CD11AD6781200681331 /* Debug */ = {
			isa = XCBuildConfiguration;
			buildSettings = {
				BUNDLE_LOADER = "$(TEST_HOST)";
				CLANG_ENABLE_MODULES = YES;
				COMBINE_HIDPI_IMAGES = YES;
				FRAMEWORK_SEARCH_PATHS = (
					"$(DEVELOPER_FRAMEWORKS_DIR)",
					"$(inherited)",
				);
				GCC_PREPROCESSOR_DEFINITIONS = (
					"DEBUG=1",
					"$(inherited)",
				);
				INFOPLIST_FILE = ElusiveTests/Info.plist;
				LD_RUNPATH_SEARCH_PATHS = "$(inherited) @executable_path/../Frameworks @loader_path/../Frameworks";
				PRODUCT_NAME = Elusive;
				SWIFT_OPTIMIZATION_LEVEL = "-Onone";
				TEST_HOST = "$(BUILT_PRODUCTS_DIR)/Elusive.app/Contents/MacOS/Elusive";
			};
			name = Debug;
		};
		4D867CD21AD6781200681331 /* Release */ = {
			isa = XCBuildConfiguration;
			buildSettings = {
				BUNDLE_LOADER = "$(TEST_HOST)";
				CLANG_ENABLE_MODULES = YES;
				COMBINE_HIDPI_IMAGES = YES;
				FRAMEWORK_SEARCH_PATHS = (
					"$(DEVELOPER_FRAMEWORKS_DIR)",
					"$(inherited)",
				);
				INFOPLIST_FILE = ElusiveTests/Info.plist;
				LD_RUNPATH_SEARCH_PATHS = "$(inherited) @executable_path/../Frameworks @loader_path/../Frameworks";
				PRODUCT_NAME = Elusive;
				TEST_HOST = "$(BUILT_PRODUCTS_DIR)/Elusive.app/Contents/MacOS/Elusive";
			};
			name = Release;
		};
/* End XCBuildConfiguration section */

/* Begin XCConfigurationList section */
		4D867CAC1AD6781200681331 /* Build configuration list for PBXProject "Elusive" */ = {
			isa = XCConfigurationList;
			buildConfigurations = (
				4D867CCB1AD6781200681331 /* Debug */,
				4D867CCC1AD6781200681331 /* Release */,
			);
			defaultConfigurationIsVisible = 0;
			defaultConfigurationName = Release;
		};
		4D867CCD1AD6781200681331 /* Build configuration list for PBXNativeTarget "Elusive" */ = {
			isa = XCConfigurationList;
			buildConfigurations = (
				4D867CCE1AD6781200681331 /* Debug */,
				4D867CCF1AD6781200681331 /* Release */,
			);
			defaultConfigurationIsVisible = 0;
			defaultConfigurationName = Release;
		};
		4D867CD01AD6781200681331 /* Build configuration list for PBXNativeTarget "ElusiveTests" */ = {
			isa = XCConfigurationList;
			buildConfigurations = (
				4D867CD11AD6781200681331 /* Debug */,
				4D867CD21AD6781200681331 /* Release */,
			);
			defaultConfigurationIsVisible = 0;
			defaultConfigurationName = Release;
		};
/* End XCConfigurationList section */
	};
	rootObject = 4D867CA91AD6781200681331 /* Project object */;
}
